
Microsoft Visual Studio Solution File, Format Version 12.00
# Visual Studio Version 16
VisualStudioVersion = 16.0.32228.343
MinimumVisualStudioVersion = 10.0.40219.1
Project("{FAE04EC0-301F-11D3-BF4B-00C04F79EFBC}") = "TaskEmp", "TaskEmp\TaskEmp.csproj", "{A1481964-CBA8-495F-9C2C-B08E6A47D914}"
EndProject
Global
	GlobalSection(SolutionConfigurationPlatforms) = preSolution
		Debug|Any CPU = Debug|Any CPU
		Release|Any CPU = Release|Any CPU
	EndGlobalSection
	GlobalSection(ProjectConfigurationPlatforms) = postSolution
		{A1481964-CBA8-495F-9C2C-B08E6A47D914}.Debug|Any CPU.ActiveCfg = Debug|Any CPU
		{A1481964-CBA8-495F-9C2C-B08E6A47D914}.Debug|Any CPU.Build.0 = Debug|Any CPU
		{A1481964-CBA8-495F-9C2C-B08E6A47D914}.Release|Any CPU.ActiveCfg = Release|Any CPU
		{A1481964-CBA8-495F-9C2C-B08E6A47D914}.Release|Any CPU.Build.0 = Release|Any CPU
	EndGlobalSection
	GlobalSection(SolutionProperties) = preSolution
		HideSolutionNode = FALSE
	EndGlobalSection
	GlobalSection(ExtensibilityGlobals) = postSolution
		SolutionGuid = {0B446D4F-ADEB-4603-9B3D-7A74A5F33236}
	EndGlobalSection
EndGlobal
